// !$*UTF8*$!
{
	archiveVersion = 1;
	classes = {
	};
	objectVersion = 46;
	objects = {

/* Begin PBXBuildFile section */
		214DFC5719C6BC1C0083916B /* AppDelegate.swift in Sources */ = {isa = PBXBuildFile; fileRef = 214DFC5619C6BC1C0083916B /* AppDelegate.swift */; };
		214DFC5919C6BC1C0083916B /* ViewController.swift in Sources */ = {isa = PBXBuildFile; fileRef = 214DFC5819C6BC1C0083916B /* ViewController.swift */; };
		214DFC5C19C6BC1C0083916B /* Main.storyboard in Resources */ = {isa = PBXBuildFile; fileRef = 214DFC5A19C6BC1C0083916B /* Main.storyboard */; };
		214DFC5E19C6BC1C0083916B /* Images.xcassets in Resources */ = {isa = PBXBuildFile; fileRef = 214DFC5D19C6BC1C0083916B /* Images.xcassets */; };
		214DFC6A19C6BC1C0083916B /* TamagoTests.swift in Sources */ = {isa = PBXBuildFile; fileRef = 214DFC6919C6BC1C0083916B /* TamagoTests.swift */; };
/* End PBXBuildFile section */

/* Begin PBXContainerItemProxy section */
		214DFC6419C6BC1C0083916B /* PBXContainerItemProxy */ = {
			isa = PBXContainerItemProxy;
			containerPortal = 214DFC4919C6BC1C0083916B /* Project object */;
			proxyType = 1;
			remoteGlobalIDString = 214DFC5019C6BC1C0083916B;
			remoteInfo = Tamago;
		};
/* End PBXContainerItemProxy section */

/* Begin PBXFileReference section */
		214DFC5119C6BC1C0083916B /* Tamago.app */ = {isa = PBXFileReference; explicitFileType = wrapper.application; includeInIndex = 0; path = Tamago.app; sourceTree = BUILT_PRODUCTS_DIR; };
		214DFC5519C6BC1C0083916B /* Info.plist */ = {isa = PBXFileReference; lastKnownFileType = text.plist.xml; path = Info.plist; sourceTree = "<group>"; };
		214DFC5619C6BC1C0083916B /* AppDelegate.swift */ = {isa = PBXFileReference; lastKnownFileType = sourcecode.swift; path = AppDelegate.swift; sourceTree = "<group>"; };
		214DFC5819C6BC1C0083916B /* ViewController.swift */ = {isa = PBXFileReference; lastKnownFileType = sourcecode.swift; path = ViewController.swift; sourceTree = "<group>"; };
		214DFC5B19C6BC1C0083916B /* Base */ = {isa = PBXFileReference; lastKnownFileType = file.storyboard; name = Base; path = Base.lproj/Main.storyboard; sourceTree = "<group>"; };
		214DFC5D19C6BC1C0083916B /* Images.xcassets */ = {isa = PBXFileReference; lastKnownFileType = folder.assetcatalog; path = Images.xcassets; sourceTree = "<group>"; };
		214DFC6319C6BC1C0083916B /* TamagoTests.xctest */ = {isa = PBXFileReference; explicitFileType = wrapper.cfbundle; includeInIndex = 0; path = TamagoTests.xctest; sourceTree = BUILT_PRODUCTS_DIR; };
		214DFC6819C6BC1C0083916B /* Info.plist */ = {isa = PBXFileReference; lastKnownFileType = text.plist.xml; path = Info.plist; sourceTree = "<group>"; };
		214DFC6919C6BC1C0083916B /* TamagoTests.swift */ = {isa = PBXFileReference; lastKnownFileType = sourcecode.swift; path = TamagoTests.swift; sourceTree = "<group>"; };
/* End PBXFileReference section */

/* Begin PBXFrameworksBuildPhase section */
		214DFC4E19C6BC1C0083916B /* Frameworks */ = {
			isa = PBXFrameworksBuildPhase;
			buildActionMask = 2147483647;
			files = (
			);
			runOnlyForDeploymentPostprocessing = 0;
		};
		214DFC6019C6BC1C0083916B /* Frameworks */ = {
			isa = PBXFrameworksBuildPhase;
			buildActionMask = 2147483647;
			files = (
			);
			runOnlyForDeploymentPostprocessing = 0;
		};
/* End PBXFrameworksBuildPhase section */

/* Begin PBXGroup section */
		214DFC4819C6BC1C0083916B = {
			isa = PBXGroup;
			children = (
				214DFC5319C6BC1C0083916B /* Tamago */,
				214DFC6619C6BC1C0083916B /* TamagoTests */,
				214DFC5219C6BC1C0083916B /* Products */,
			);
			sourceTree = "<group>";
		};
		214DFC5219C6BC1C0083916B /* Products */ = {
			isa = PBXGroup;
			children = (
				214DFC5119C6BC1C0083916B /* Tamago.app */,
				214DFC6319C6BC1C0083916B /* TamagoTests.xctest */,
			);
			name = Products;
			sourceTree = "<group>";
		};
		214DFC5319C6BC1C0083916B /* Tamago */ = {
			isa = PBXGroup;
			children = (
				214DFC5619C6BC1C0083916B /* AppDelegate.swift */,
				214DFC5819C6BC1C0083916B /* ViewController.swift */,
				214DFC5A19C6BC1C0083916B /* Main.storyboard */,
				214DFC5D19C6BC1C0083916B /* Images.xcassets */,
				214DFC5419C6BC1C0083916B /* Supporting Files */,
			);
			path = Tamago;
			sourceTree = "<group>";
		};
		214DFC5419C6BC1C0083916B /* Supporting Files */ = {
			isa = PBXGroup;
			children = (
				214DFC5519C6BC1C0083916B /* Info.plist */,
			);
			name = "Supporting Files";
			sourceTree = "<group>";
		};
		214DFC6619C6BC1C0083916B /* TamagoTests */ = {
			isa = PBXGroup;
			children = (
				214DFC6919C6BC1C0083916B /* TamagoTests.swift */,
				214DFC6719C6BC1C0083916B /* Supporting Files */,
			);
			path = TamagoTests;
			sourceTree = "<group>";
		};
		214DFC6719C6BC1C0083916B /* Supporting Files */ = {
			isa = PBXGroup;
			children = (
				214DFC6819C6BC1C0083916B /* Info.plist */,
			);
			name = "Supporting Files";
			sourceTree = "<group>";
		};
/* End PBXGroup section */

/* Begin PBXNativeTarget section */
		214DFC5019C6BC1C0083916B /* Tamago */ = {
			isa = PBXNativeTarget;
			buildConfigurationList = 214DFC6D19C6BC1C0083916B /* Build configuration list for PBXNativeTarget "Tamago" */;
			buildPhases = (
				214DFC4D19C6BC1C0083916B /* Sources */,
				214DFC4E19C6BC1C0083916B /* Frameworks */,
				214DFC4F19C6BC1C0083916B /* Resources */,
			);
			buildRules = (
			);
			dependencies = (
			);
			name = Tamago;
			productName = Tamago;
			productReference = 214DFC5119C6BC1C0083916B /* Tamago.app */;
			productType = "com.apple.product-type.application";
		};
		214DFC6219C6BC1C0083916B /* TamagoTests */ = {
			isa = PBXNativeTarget;
			buildConfigurationList = 214DFC7019C6BC1C0083916B /* Build configuration list for PBXNativeTarget "TamagoTests" */;
			buildPhases = (
				214DFC5F19C6BC1C0083916B /* Sources */,
				214DFC6019C6BC1C0083916B /* Frameworks */,
				214DFC6119C6BC1C0083916B /* Resources */,
			);
			buildRules = (
			);
			dependencies = (
				214DFC6519C6BC1C0083916B /* PBXTargetDependency */,
			);
			name = TamagoTests;
			productName = TamagoTests;
			productReference = 214DFC6319C6BC1C0083916B /* TamagoTests.xctest */;
			productType = "com.apple.product-type.bundle.unit-test";
		};
/* End PBXNativeTarget section */

/* Begin PBXProject section */
		214DFC4919C6BC1C0083916B /* Project object */ = {
			isa = PBXProject;
			attributes = {
				LastUpgradeCheck = 0600;
				ORGANIZATIONNAME = "南部 晃史";
				TargetAttributes = {
					214DFC5019C6BC1C0083916B = {
						CreatedOnToolsVersion = 6.0;
					};
					214DFC6219C6BC1C0083916B = {
						CreatedOnToolsVersion = 6.0;
						TestTargetID = 214DFC5019C6BC1C0083916B;
					};
				};
			};
			buildConfigurationList = 214DFC4C19C6BC1C0083916B /* Build configuration list for PBXProject "Tamago" */;
			compatibilityVersion = "Xcode 3.2";
			developmentRegion = English;
			hasScannedForEncodings = 0;
			knownRegions = (
				en,
				Base,
			);
			mainGroup = 214DFC4819C6BC1C0083916B;
			productRefGroup = 214DFC5219C6BC1C0083916B /* Products */;
			projectDirPath = "";
			projectRoot = "";
			targets = (
				214DFC5019C6BC1C0083916B /* Tamago */,
				214DFC6219C6BC1C0083916B /* TamagoTests */,
			);
		};
/* End PBXProject section */

/* Begin PBXResourcesBuildPhase section */
		214DFC4F19C6BC1C0083916B /* Resources */ = {
			isa = PBXResourcesBuildPhase;
			buildActionMask = 2147483647;
			files = (
				214DFC5C19C6BC1C0083916B /* Main.storyboard in Resources */,
				214DFC5E19C6BC1C0083916B /* Images.xcassets in Resources */,
			);
			runOnlyForDeploymentPostprocessing = 0;
		};
		214DFC6119C6BC1C0083916B /* Resources */ = {
			isa = PBXResourcesBuildPhase;
			buildActionMask = 2147483647;
			files = (
			);
			runOnlyForDeploymentPostprocessing = 0;
		};
/* End PBXResourcesBuildPhase section */

/* Begin PBXSourcesBuildPhase section */
		214DFC4D19C6BC1C0083916B /* Sources */ = {
			isa = PBXSourcesBuildPhase;
			buildActionMask = 2147483647;
			files = (
				214DFC5919C6BC1C0083916B /* ViewController.swift in Sources */,
				214DFC5719C6BC1C0083916B /* AppDelegate.swift in Sources */,
			);
			runOnlyForDeploymentPostprocessing = 0;
		};
		214DFC5F19C6BC1C0083916B /* Sources */ = {
			isa = PBXSourcesBuildPhase;
			buildActionMask = 2147483647;
			files = (
				214DFC6A19C6BC1C0083916B /* TamagoTests.swift in Sources */,
			);
			runOnlyForDeploymentPostprocessing = 0;
		};
/* End PBXSourcesBuildPhase section */

/* Begin PBXTargetDependency section */
		214DFC6519C6BC1C0083916B /* PBXTargetDependency */ = {
			isa = PBXTargetDependency;
			target = 214DFC5019C6BC1C0083916B /* Tamago */;
			targetProxy = 214DFC6419C6BC1C0083916B /* PBXContainerItemProxy */;
		};
/* End PBXTargetDependency section */

/* Begin PBXVariantGroup section */
		214DFC5A19C6BC1C0083916B /* Main.storyboard */ = {
			isa = PBXVariantGroup;
			children = (
				214DFC5B19C6BC1C0083916B /* Base */,
			);
			name = Main.storyboard;
			sourceTree = "<group>";
		};
/* End PBXVariantGroup section */

/* Begin XCBuildConfiguration section */
		214DFC6B19C6BC1C0083916B /* Debug */ = {
			isa = XCBuildConfiguration;
			buildSettings = {
				ALWAYS_SEARCH_USER_PATHS = NO;
				CLANG_CXX_LANGUAGE_STANDARD = "gnu++0x";
				CLANG_CXX_LIBRARY = "libc++";
				CLANG_ENABLE_MODULES = YES;
				CLANG_ENABLE_OBJC_ARC = YES;
				CLANG_WARN_BOOL_CONVERSION = YES;
				CLANG_WARN_CONSTANT_CONVERSION = YES;
				CLANG_WARN_DIRECT_OBJC_ISA_USAGE = YES_ERROR;
				CLANG_WARN_EMPTY_BODY = YES;
				CLANG_WARN_ENUM_CONVERSION = YES;
				CLANG_WARN_INT_CONVERSION = YES;
				CLANG_WARN_OBJC_ROOT_CLASS = YES_ERROR;
				CLANG_WARN_UNREACHABLE_CODE = YES;
				CLANG_WARN__DUPLICATE_METHOD_MATCH = YES;
				"CODE_SIGN_IDENTITY[sdk=iphoneos*]" = "iPhone Developer";
				COPY_PHASE_STRIP = NO;
				ENABLE_STRICT_OBJC_MSGSEND = YES;
				GCC_C_LANGUAGE_STANDARD = gnu99;
				GCC_DYNAMIC_NO_PIC = NO;
				GCC_OPTIMIZATION_LEVEL = 0;
				GCC_PREPROCESSOR_DEFINITIONS = (
					"DEBUG=1",
					"$(inherited)",
				);
				GCC_SYMBOLS_PRIVATE_EXTERN = NO;
				GCC_WARN_64_TO_32_BIT_CONVERSION = YES;
				GCC_WARN_ABOUT_RETURN_TYPE = YES_ERROR;
				GCC_WARN_UNDECLARED_SELECTOR = YES;
				GCC_WARN_UNINITIALIZED_AUTOS = YES_AGGRESSIVE;
				GCC_WARN_UNUSED_FUNCTION = YES;
				GCC_WARN_UNUSED_VARIABLE = YES;
				IPHONEOS_DEPLOYMENT_TARGET = 8.0;
				MTL_ENABLE_DEBUG_INFO = YES;
				ONLY_ACTIVE_ARCH = YES;
				SDKROOT = iphoneos;
				SWIFT_OPTIMIZATION_LEVEL = "-Onone";
				TARGETED_DEVICE_FAMILY = "1,2";
			};
			name = Debug;
		};
		214DFC6C19C6BC1C0083916B /* Release */ = {
			isa = XCBuildConfiguration;
			buildSettings = {
				ALWAYS_SEARCH_USER_PATHS = NO;
				CLANG_CXX_LANGUAGE_STANDARD = "gnu++0x";
				CLANG_CXX_LIBRARY = "libc++";
				CLANG_ENABLE_MODULES = YES;
				CLANG_ENABLE_OBJC_ARC = YES;
				CLANG_WARN_BOOL_CONVERSION = YES;
				CLANG_WARN_CONSTANT_CONVERSION = YES;
				CLANG_WARN_DIRECT_OBJC_ISA_USAGE = YES_ERROR;
				CLANG_WARN_EMPTY_BODY = YES;
				CLANG_WARN_ENUM_CONVERSION = YES;
				CLANG_WARN_INT_CONVERSION = YES;
				CLANG_WARN_OBJC_ROOT_CLASS = YES_ERROR;
				CLANG_WARN_UNREACHABLE_CODE = YES;
				CLANG_WARN__DUPLICATE_METHOD_MATCH = YES;
				"CODE_SIGN_IDENTITY[sdk=iphoneos*]" = "iPhone Developer";
				COPY_PHASE_STRIP = YES;
				ENABLE_NS_ASSERTIONS = NO;
				ENABLE_STRICT_OBJC_MSGSEND = YES;
				GCC_C_LANGUAGE_STANDARD = gnu99;
				GCC_WARN_64_TO_32_BIT_CONVERSION = YES;
				GCC_WARN_ABOUT_RETURN_TYPE = YES_ERROR;
				GCC_WARN_UNDECLARED_SELECTOR = YES;
				GCC_WARN_UNINITIALIZED_AUTOS = YES_AGGRESSIVE;
				GCC_WARN_UNUSED_FUNCTION = YES;
				GCC_WARN_UNUSED_VARIABLE = YES;
				IPHONEOS_DEPLOYMENT_TARGET = 8.0;
				MTL_ENABLE_DEBUG_INFO = NO;
				SDKROOT = iphoneos;
				TARGETED_DEVICE_FAMILY = "1,2";
				VALIDATE_PRODUCT = YES;
			};
			name = Release;
		};
		214DFC6E19C6BC1C0083916B /* Debug */ = {
			isa = XCBuildConfiguration;
			buildSettings = {
				ASSETCATALOG_COMPILER_APPICON_NAME = AppIcon;
				ASSETCATALOG_COMPILER_LAUNCHIMAGE_NAME = LaunchImage;
				INFOPLIST_FILE = Tamago/Info.plist;
				LD_RUNPATH_SEARCH_PATHS = "$(inherited) @executable_path/Frameworks";
				PRODUCT_NAME = "$(TARGET_NAME)";
			};
			name = Debug;
		};
		214DFC6F19C6BC1C0083916B /* Release */ = {
			isa = XCBuildConfiguration;
			buildSettings = {
				ASSETCATALOG_COMPILER_APPICON_NAME = AppIcon;
				ASSETCATALOG_COMPILER_LAUNCHIMAGE_NAME = LaunchImage;
				INFOPLIST_FILE = Tamago/Info.plist;
				LD_RUNPATH_SEARCH_PATHS = "$(inherited) @executable_path/Frameworks";
				PRODUCT_NAME = "$(TARGET_NAME)";
			};
			name = Release;
		};
		214DFC7119C6BC1C0083916B /* Debug */ = {
			isa = XCBuildConfiguration;
			buildSettings = {
				BUNDLE_LOADER = "$(TEST_HOST)";
				FRAMEWORK_SEARCH_PATHS = (
					"$(SDKROOT)/Developer/Library/Frameworks",
					"$(inherited)",
				);
				GCC_PREPROCESSOR_DEFINITIONS = (
					"DEBUG=1",
					"$(inherited)",
				);
				INFOPLIST_FILE = TamagoTests/Info.plist;
				LD_RUNPATH_SEARCH_PATHS = "$(inherited) @executable_path/Frameworks @loader_path/Frameworks";
				PRODUCT_NAME = "$(TARGET_NAME)";
				TEST_HOST = "$(BUILT_PRODUCTS_DIR)/Tamago.app/Tamago";
			};
			name = Debug;
		};
		214DFC7219C6BC1C0083916B /* Release */ = {
			isa = XCBuildConfiguration;
			buildSettings = {
				BUNDLE_LOADER = "$(TEST_HOST)";
				FRAMEWORK_SEARCH_PATHS = (
					"$(SDKROOT)/Developer/Library/Frameworks",
					"$(inherited)",
				);
				INFOPLIST_FILE = TamagoTests/Info.plist;
				LD_RUNPATH_SEARCH_PATHS = "$(inherited) @executable_path/Frameworks @loader_path/Frameworks";
				PRODUCT_NAME = "$(TARGET_NAME)";
				TEST_HOST = "$(BUILT_PRODUCTS_DIR)/Tamago.app/Tamago";
			};
			name = Release;
		};
/* End XCBuildConfiguration section */

/* Begin XCConfigurationList section */
		214DFC4C19C6BC1C0083916B /* Build configuration list for PBXProject "Tamago" */ = {
			isa = XCConfigurationList;
			buildConfigurations = (
				214DFC6B19C6BC1C0083916B /* Debug */,
				214DFC6C19C6BC1C0083916B /* Release */,
			);
			defaultConfigurationIsVisible = 0;
			defaultConfigurationName = Release;
		};
		214DFC6D19C6BC1C0083916B /* Build configuration list for PBXNativeTarget "Tamago" */ = {
			isa = XCConfigurationList;
			buildConfigurations = (
				214DFC6E19C6BC1C0083916B /* Debug */,
				214DFC6F19C6BC1C0083916B /* Release */,
			);
			defaultConfigurationIsVisible = 0;
		};
		214DFC7019C6BC1C0083916B /* Build configuration list for PBXNativeTarget "TamagoTests" */ = {
			isa = XCConfigurationList;
			buildConfigurations = (
				214DFC7119C6BC1C0083916B /* Debug */,
				214DFC7219C6BC1C0083916B /* Release */,
			);
			defaultConfigurationIsVisible = 0;
		};
/* End XCConfigurationList section */
	};
	rootObject = 214DFC4919C6BC1C0083916B /* Project object */;
}
